
Microsoft Visual Studio Solution File, Format Version 11.00
# Visual C++ Express 2010
Project("{8BC9CEB8-8B4A-11D0-8D11-00A0C91BC942}") = "HW05_Hornehm_Van_2", "HW05_Hornehm_Van_2\HW05_Hornehm_Van_2.vcxproj", "{654CE4B2-2803-4D80-AEBF-1F916A6A38A1}"
EndProject
Global
	GlobalSection(SolutionConfigurationPlatforms) = preSolution
		Debug|Win32 = Debug|Win32
		Release|Win32 = Release|Win32
	EndGlobalSection
	GlobalSection(ProjectConfigurationPlatforms) = postSolution
		{654CE4B2-2803-4D80-AEBF-1F916A6A38A1}.Debug|Win32.ActiveCfg = Debug|Win32
		{654CE4B2-2803-4D80-AEBF-1F916A6A38A1}.Debug|Win32.Build.0 = Debug|Win32
		{654CE4B2-2803-4D80-AEBF-1F916A6A38A1}.Release|Win32.ActiveCfg = Release|Win32
		{654CE4B2-2803-4D80-AEBF-1F916A6A38A1}.Release|Win32.Build.0 = Release|Win32
	EndGlobalSection
	GlobalSection(SolutionProperties) = preSolution
		HideSolutionNode = FALSE
	EndGlobalSection
EndGlobal
